
Microsoft Visual Studio Solution File, Format Version 12.00
# Visual Studio 15
VisualStudioVersion = 15.0.26730.12
MinimumVisualStudioVersion = 10.0.40219.1
Project("{2150E333-8FDC-42A3-9474-1A3956D46DE8}") = "Aplicativo", "Aplicativo", "{91C2A3D5-CFB2-47C2-95D0-4E0834C4A33C}"
EndProject
Project("{2150E333-8FDC-42A3-9474-1A3956D46DE8}") = "Servico", "Servico", "{0952BF9C-2312-4149-9820-A548AF2697A3}"
EndProject
Project("{2150E333-8FDC-42A3-9474-1A3956D46DE8}") = "WebView", "WebView", "{70AFDC4D-29B9-4D01-8BDF-1E5BAFC96119}"
EndProject
Project("{FAE04EC0-301F-11D3-BF4B-00C04F79EFBC}") = "Comanda.WCF.Data", "Servico\Comanda.WCF.Data\Comanda.WCF.Data.csproj", "{FBF07C30-E7CC-4FF5-B6F5-B914E1ECB3DA}"
EndProject
Project("{FAE04EC0-301F-11D3-BF4B-00C04F79EFBC}") = "Comanda.WCF.Models", "Servico\Comanda.WCF.Models\Comanda.WCF.Models.csproj", "{3A32CA69-93CF-4501-B34F-D7FC79E7150A}"
EndProject
Project("{FAE04EC0-301F-11D3-BF4B-00C04F79EFBC}") = "Comanda.WCF.Business", "Servico\Comanda.WCF.Business\Comanda.WCF.Business.csproj", "{9828E258-3207-4B12-886A-581B2E3DE173}"
EndProject
Project("{FAE04EC0-301F-11D3-BF4B-00C04F79EFBC}") = "Comanda.WCF.Service", "Servico\Comanda.WCF.Service\Comanda.WCF.Service.csproj", "{6DA730B4-DCD8-4074-9668-FEA380FB4AF0}"
EndProject
Project("{FAE04EC0-301F-11D3-BF4B-00C04F79EFBC}") = "Comanda.WCF.WebHost", "Servico\Comanda.WCF.WebHost\Comanda.WCF.WebHost.csproj", "{894F2C86-D6CA-4323-98D1-77C216904803}"
EndProject
Project("{FAE04EC0-301F-11D3-BF4B-00C04F79EFBC}") = "Comanda.Webview", "WebView\Comanda.Webview\Comanda.Webview.csproj", "{C1A3B16B-4C96-40F3-91AD-20EFA8D83646}"
EndProject
Project("{FAE04EC0-301F-11D3-BF4B-00C04F79EFBC}") = "Comanda.App", "Aplicativo\Comanda.App\Comanda.App\Comanda.App.csproj", "{9911304F-AD0C-4354-AC5E-0277380BAE91}"
EndProject
Project("{FAE04EC0-301F-11D3-BF4B-00C04F79EFBC}") = "Comanda.App.Android", "Aplicativo\Comanda.App\Comanda.App.Android\Comanda.App.Android.csproj", "{FB3B91C8-07DC-485F-89F5-BE1DD3A9ABCF}"
EndProject
Project("{FAE04EC0-301F-11D3-BF4B-00C04F79EFBC}") = "Comanda.App.iOS", "Aplicativo\Comanda.App\Comanda.App.iOS\Comanda.App.iOS.csproj", "{C77126E8-9D31-4E71-AD90-A617C69637A0}"
EndProject
Project("{FAE04EC0-301F-11D3-BF4B-00C04F79EFBC}") = "Comanda.App.UWP", "Aplicativo\Comanda.App\Comanda.App.UWP\Comanda.App.UWP.csproj", "{F0064D38-B469-42DB-9487-F69B4DEA8F8A}"
EndProject
Global
	GlobalSection(SolutionConfigurationPlatforms) = preSolution
		Ad-Hoc|Any CPU = Ad-Hoc|Any CPU
		Ad-Hoc|ARM = Ad-Hoc|ARM
		Ad-Hoc|iPhone = Ad-Hoc|iPhone
		Ad-Hoc|iPhoneSimulator = Ad-Hoc|iPhoneSimulator
		Ad-Hoc|x64 = Ad-Hoc|x64
		Ad-Hoc|x86 = Ad-Hoc|x86
		AppStore|Any CPU = AppStore|Any CPU
		AppStore|ARM = AppStore|ARM
		AppStore|iPhone = AppStore|iPhone
		AppStore|iPhoneSimulator = AppStore|iPhoneSimulator
		AppStore|x64 = AppStore|x64
		AppStore|x86 = AppStore|x86
		Debug|Any CPU = Debug|Any CPU
		Debug|ARM = Debug|ARM
		Debug|iPhone = Debug|iPhone
		Debug|iPhoneSimulator = Debug|iPhoneSimulator
		Debug|x64 = Debug|x64
		Debug|x86 = Debug|x86
		Release|Any CPU = Release|Any CPU
		Release|ARM = Release|ARM
		Release|iPhone = Release|iPhone
		Release|iPhoneSimulator = Release|iPhoneSimulator
		Release|x64 = Release|x64
		Release|x86 = Release|x86
	EndGlobalSection
	GlobalSection(ProjectConfigurationPlatforms) = postSolution
		{FBF07C30-E7CC-4FF5-B6F5-B914E1ECB3DA}.Ad-Hoc|Any CPU.ActiveCfg = Release|Any CPU
		{FBF07C30-E7CC-4FF5-B6F5-B914E1ECB3DA}.Ad-Hoc|Any CPU.Build.0 = Release|Any CPU
		{FBF07C30-E7CC-4FF5-B6F5-B914E1ECB3DA}.Ad-Hoc|ARM.ActiveCfg = Release|Any CPU
		{FBF07C30-E7CC-4FF5-B6F5-B914E1ECB3DA}.Ad-Hoc|ARM.Build.0 = Release|Any CPU
		{FBF07C30-E7CC-4FF5-B6F5-B914E1ECB3DA}.Ad-Hoc|iPhone.ActiveCfg = Release|Any CPU
		{FBF07C30-E7CC-4FF5-B6F5-B914E1ECB3DA}.Ad-Hoc|iPhone.Build.0 = Release|Any CPU
		{FBF07C30-E7CC-4FF5-B6F5-B914E1ECB3DA}.Ad-Hoc|iPhoneSimulator.ActiveCfg = Release|Any CPU
		{FBF07C30-E7CC-4FF5-B6F5-B914E1ECB3DA}.Ad-Hoc|iPhoneSimulator.Build.0 = Release|Any CPU
		{FBF07C30-E7CC-4FF5-B6F5-B914E1ECB3DA}.Ad-Hoc|x64.ActiveCfg = Release|Any CPU
		{FBF07C30-E7CC-4FF5-B6F5-B914E1ECB3DA}.Ad-Hoc|x64.Build.0 = Release|Any CPU
		{FBF07C30-E7CC-4FF5-B6F5-B914E1ECB3DA}.Ad-Hoc|x86.ActiveCfg = Release|Any CPU
		{FBF07C30-E7CC-4FF5-B6F5-B914E1ECB3DA}.Ad-Hoc|x86.Build.0 = Release|Any CPU
		{FBF07C30-E7CC-4FF5-B6F5-B914E1ECB3DA}.AppStore|Any CPU.ActiveCfg = Release|Any CPU
		{FBF07C30-E7CC-4FF5-B6F5-B914E1ECB3DA}.AppStore|Any CPU.Build.0 = Release|Any CPU
		{FBF07C30-E7CC-4FF5-B6F5-B914E1ECB3DA}.AppStore|ARM.ActiveCfg = Release|Any CPU
		{FBF07C30-E7CC-4FF5-B6F5-B914E1ECB3DA}.AppStore|ARM.Build.0 = Release|Any CPU
		{FBF07C30-E7CC-4FF5-B6F5-B914E1ECB3DA}.AppStore|iPhone.ActiveCfg = Release|Any CPU
		{FBF07C30-E7CC-4FF5-B6F5-B914E1ECB3DA}.AppStore|iPhone.Build.0 = Release|Any CPU
		{FBF07C30-E7CC-4FF5-B6F5-B914E1ECB3DA}.AppStore|iPhoneSimulator.ActiveCfg = Release|Any CPU
		{FBF07C30-E7CC-4FF5-B6F5-B914E1ECB3DA}.AppStore|iPhoneSimulator.Build.0 = Release|Any CPU
		{FBF07C30-E7CC-4FF5-B6F5-B914E1ECB3DA}.AppStore|x64.ActiveCfg = Release|Any CPU
		{FBF07C30-E7CC-4FF5-B6F5-B914E1ECB3DA}.AppStore|x64.Build.0 = Release|Any CPU
		{FBF07C30-E7CC-4FF5-B6F5-B914E1ECB3DA}.AppStore|x86.ActiveCfg = Release|Any CPU
		{FBF07C30-E7CC-4FF5-B6F5-B914E1ECB3DA}.AppStore|x86.Build.0 = Release|Any CPU
		{FBF07C30-E7CC-4FF5-B6F5-B914E1ECB3DA}.Debug|Any CPU.ActiveCfg = Debug|Any CPU
		{FBF07C30-E7CC-4FF5-B6F5-B914E1ECB3DA}.Debug|Any CPU.Build.0 = Debug|Any CPU
		{FBF07C30-E7CC-4FF5-B6F5-B914E1ECB3DA}.Debug|ARM.ActiveCfg = Debug|Any CPU
		{FBF07C30-E7CC-4FF5-B6F5-B914E1ECB3DA}.Debug|ARM.Build.0 = Debug|Any CPU
		{FBF07C30-E7CC-4FF5-B6F5-B914E1ECB3DA}.Debug|iPhone.ActiveCfg = Debug|Any CPU
		{FBF07C30-E7CC-4FF5-B6F5-B914E1ECB3DA}.Debug|iPhone.Build.0 = Debug|Any CPU
		{FBF07C30-E7CC-4FF5-B6F5-B914E1ECB3DA}.Debug|iPhoneSimulator.ActiveCfg = Debug|Any CPU
		{FBF07C30-E7CC-4FF5-B6F5-B914E1ECB3DA}.Debug|iPhoneSimulator.Build.0 = Debug|Any CPU
		{FBF07C30-E7CC-4FF5-B6F5-B914E1ECB3DA}.Debug|x64.ActiveCfg = Debug|Any CPU
		{FBF07C30-E7CC-4FF5-B6F5-B914E1ECB3DA}.Debug|x64.Build.0 = Debug|Any CPU
		{FBF07C30-E7CC-4FF5-B6F5-B914E1ECB3DA}.Debug|x86.ActiveCfg = Debug|Any CPU
		{FBF07C30-E7CC-4FF5-B6F5-B914E1ECB3DA}.Debug|x86.Build.0 = Debug|Any CPU
		{FBF07C30-E7CC-4FF5-B6F5-B914E1ECB3DA}.Release|Any CPU.ActiveCfg = Release|Any CPU
		{FBF07C30-E7CC-4FF5-B6F5-B914E1ECB3DA}.Release|Any CPU.Build.0 = Release|Any CPU
		{FBF07C30-E7CC-4FF5-B6F5-B914E1ECB3DA}.Release|ARM.ActiveCfg = Release|Any CPU
		{FBF07C30-E7CC-4FF5-B6F5-B914E1ECB3DA}.Release|ARM.Build.0 = Release|Any CPU
		{FBF07C30-E7CC-4FF5-B6F5-B914E1ECB3DA}.Release|iPhone.ActiveCfg = Release|Any CPU
		{FBF07C30-E7CC-4FF5-B6F5-B914E1ECB3DA}.Release|iPhone.Build.0 = Release|Any CPU
		{FBF07C30-E7CC-4FF5-B6F5-B914E1ECB3DA}.Release|iPhoneSimulator.ActiveCfg = Release|Any CPU
		{FBF07C30-E7CC-4FF5-B6F5-B914E1ECB3DA}.Release|iPhoneSimulator.Build.0 = Release|Any CPU
		{FBF07C30-E7CC-4FF5-B6F5-B914E1ECB3DA}.Release|x64.ActiveCfg = Release|Any CPU
		{FBF07C30-E7CC-4FF5-B6F5-B914E1ECB3DA}.Release|x64.Build.0 = Release|Any CPU
		{FBF07C30-E7CC-4FF5-B6F5-B914E1ECB3DA}.Release|x86.ActiveCfg = Release|Any CPU
		{FBF07C30-E7CC-4FF5-B6F5-B914E1ECB3DA}.Release|x86.Build.0 = Release|Any CPU
		{3A32CA69-93CF-4501-B34F-D7FC79E7150A}.Ad-Hoc|Any CPU.ActiveCfg = Release|Any CPU
		{3A32CA69-93CF-4501-B34F-D7FC79E7150A}.Ad-Hoc|Any CPU.Build.0 = Release|Any CPU
		{3A32CA69-93CF-4501-B34F-D7FC79E7150A}.Ad-Hoc|ARM.ActiveCfg = Release|Any CPU
		{3A32CA69-93CF-4501-B34F-D7FC79E7150A}.Ad-Hoc|ARM.Build.0 = Release|Any CPU
		{3A32CA69-93CF-4501-B34F-D7FC79E7150A}.Ad-Hoc|iPhone.ActiveCfg = Release|Any CPU
		{3A32CA69-93CF-4501-B34F-D7FC79E7150A}.Ad-Hoc|iPhone.Build.0 = Release|Any CPU
		{3A32CA69-93CF-4501-B34F-D7FC79E7150A}.Ad-Hoc|iPhoneSimulator.ActiveCfg = Release|Any CPU
		{3A32CA69-93CF-4501-B34F-D7FC79E7150A}.Ad-Hoc|iPhoneSimulator.Build.0 = Release|Any CPU
		{3A32CA69-93CF-4501-B34F-D7FC79E7150A}.Ad-Hoc|x64.ActiveCfg = Release|Any CPU
		{3A32CA69-93CF-4501-B34F-D7FC79E7150A}.Ad-Hoc|x64.Build.0 = Release|Any CPU
		{3A32CA69-93CF-4501-B34F-D7FC79E7150A}.Ad-Hoc|x86.ActiveCfg = Release|Any CPU
		{3A32CA69-93CF-4501-B34F-D7FC79E7150A}.Ad-Hoc|x86.Build.0 = Release|Any CPU
		{3A32CA69-93CF-4501-B34F-D7FC79E7150A}.AppStore|Any CPU.ActiveCfg = Release|Any CPU
		{3A32CA69-93CF-4501-B34F-D7FC79E7150A}.AppStore|Any CPU.Build.0 = Release|Any CPU
		{3A32CA69-93CF-4501-B34F-D7FC79E7150A}.AppStore|ARM.ActiveCfg = Release|Any CPU
		{3A32CA69-93CF-4501-B34F-D7FC79E7150A}.AppStore|ARM.Build.0 = Release|Any CPU
		{3A32CA69-93CF-4501-B34F-D7FC79E7150A}.AppStore|iPhone.ActiveCfg = Release|Any CPU
		{3A32CA69-93CF-4501-B34F-D7FC79E7150A}.AppStore|iPhone.Build.0 = Release|Any CPU
		{3A32CA69-93CF-4501-B34F-D7FC79E7150A}.AppStore|iPhoneSimulator.ActiveCfg = Release|Any CPU
		{3A32CA69-93CF-4501-B34F-D7FC79E7150A}.AppStore|iPhoneSimulator.Build.0 = Release|Any CPU
		{3A32CA69-93CF-4501-B34F-D7FC79E7150A}.AppStore|x64.ActiveCfg = Release|Any CPU
		{3A32CA69-93CF-4501-B34F-D7FC79E7150A}.AppStore|x64.Build.0 = Release|Any CPU
		{3A32CA69-93CF-4501-B34F-D7FC79E7150A}.AppStore|x86.ActiveCfg = Release|Any CPU
		{3A32CA69-93CF-4501-B34F-D7FC79E7150A}.AppStore|x86.Build.0 = Release|Any CPU
		{3A32CA69-93CF-4501-B34F-D7FC79E7150A}.Debug|Any CPU.ActiveCfg = Debug|Any CPU
		{3A32CA69-93CF-4501-B34F-D7FC79E7150A}.Debug|Any CPU.Build.0 = Debug|Any CPU
		{3A32CA69-93CF-4501-B34F-D7FC79E7150A}.Debug|ARM.ActiveCfg = Debug|Any CPU
		{3A32CA69-93CF-4501-B34F-D7FC79E7150A}.Debug|ARM.Build.0 = Debug|Any CPU
		{3A32CA69-93CF-4501-B34F-D7FC79E7150A}.Debug|iPhone.ActiveCfg = Debug|Any CPU
		{3A32CA69-93CF-4501-B34F-D7FC79E7150A}.Debug|iPhone.Build.0 = Debug|Any CPU
		{3A32CA69-93CF-4501-B34F-D7FC79E7150A}.Debug|iPhoneSimulator.ActiveCfg = Debug|Any CPU
		{3A32CA69-93CF-4501-B34F-D7FC79E7150A}.Debug|iPhoneSimulator.Build.0 = Debug|Any CPU
		{3A32CA69-93CF-4501-B34F-D7FC79E7150A}.Debug|x64.ActiveCfg = Debug|Any CPU
		{3A32CA69-93CF-4501-B34F-D7FC79E7150A}.Debug|x64.Build.0 = Debug|Any CPU
		{3A32CA69-93CF-4501-B34F-D7FC79E7150A}.Debug|x86.ActiveCfg = Debug|Any CPU
		{3A32CA69-93CF-4501-B34F-D7FC79E7150A}.Debug|x86.Build.0 = Debug|Any CPU
		{3A32CA69-93CF-4501-B34F-D7FC79E7150A}.Release|Any CPU.ActiveCfg = Release|Any CPU
		{3A32CA69-93CF-4501-B34F-D7FC79E7150A}.Release|Any CPU.Build.0 = Release|Any CPU
		{3A32CA69-93CF-4501-B34F-D7FC79E7150A}.Release|ARM.ActiveCfg = Release|Any CPU
		{3A32CA69-93CF-4501-B34F-D7FC79E7150A}.Release|ARM.Build.0 = Release|Any CPU
		{3A32CA69-93CF-4501-B34F-D7FC79E7150A}.Release|iPhone.ActiveCfg = Release|Any CPU
		{3A32CA69-93CF-4501-B34F-D7FC79E7150A}.Release|iPhone.Build.0 = Release|Any CPU
		{3A32CA69-93CF-4501-B34F-D7FC79E7150A}.Release|iPhoneSimulator.ActiveCfg = Release|Any CPU
		{3A32CA69-93CF-4501-B34F-D7FC79E7150A}.Release|iPhoneSimulator.Build.0 = Release|Any CPU
		{3A32CA69-93CF-4501-B34F-D7FC79E7150A}.Release|x64.ActiveCfg = Release|Any CPU
		{3A32CA69-93CF-4501-B34F-D7FC79E7150A}.Release|x64.Build.0 = Release|Any CPU
		{3A32CA69-93CF-4501-B34F-D7FC79E7150A}.Release|x86.ActiveCfg = Release|Any CPU
		{3A32CA69-93CF-4501-B34F-D7FC79E7150A}.Release|x86.Build.0 = Release|Any CPU
		{9828E258-3207-4B12-886A-581B2E3DE173}.Ad-Hoc|Any CPU.ActiveCfg = Release|Any CPU
		{9828E258-3207-4B12-886A-581B2E3DE173}.Ad-Hoc|Any CPU.Build.0 = Release|Any CPU
		{9828E258-3207-4B12-886A-581B2E3DE173}.Ad-Hoc|ARM.ActiveCfg = Release|Any CPU
		{9828E258-3207-4B12-886A-581B2E3DE173}.Ad-Hoc|ARM.Build.0 = Release|Any CPU
		{9828E258-3207-4B12-886A-581B2E3DE173}.Ad-Hoc|iPhone.ActiveCfg = Release|Any CPU
		{9828E258-3207-4B12-886A-581B2E3DE173}.Ad-Hoc|iPhone.Build.0 = Release|Any CPU
		{9828E258-3207-4B12-886A-581B2E3DE173}.Ad-Hoc|iPhoneSimulator.ActiveCfg = Release|Any CPU
		{9828E258-3207-4B12-886A-581B2E3DE173}.Ad-Hoc|iPhoneSimulator.Build.0 = Release|Any CPU
		{9828E258-3207-4B12-886A-581B2E3DE173}.Ad-Hoc|x64.ActiveCfg = Release|Any CPU
		{9828E258-3207-4B12-886A-581B2E3DE173}.Ad-Hoc|x64.Build.0 = Release|Any CPU
		{9828E258-3207-4B12-886A-581B2E3DE173}.Ad-Hoc|x86.ActiveCfg = Release|Any CPU
		{9828E258-3207-4B12-886A-581B2E3DE173}.Ad-Hoc|x86.Build.0 = Release|Any CPU
		{9828E258-3207-4B12-886A-581B2E3DE173}.AppStore|Any CPU.ActiveCfg = Release|Any CPU
		{9828E258-3207-4B12-886A-581B2E3DE173}.AppStore|Any CPU.Build.0 = Release|Any CPU
		{9828E258-3207-4B12-886A-581B2E3DE173}.AppStore|ARM.ActiveCfg = Release|Any CPU
		{9828E258-3207-4B12-886A-581B2E3DE173}.AppStore|ARM.Build.0 = Release|Any CPU
		{9828E258-3207-4B12-886A-581B2E3DE173}.AppStore|iPhone.ActiveCfg = Release|Any CPU
		{9828E258-3207-4B12-886A-581B2E3DE173}.AppStore|iPhone.Build.0 = Release|Any CPU
		{9828E258-3207-4B12-886A-581B2E3DE173}.AppStore|iPhoneSimulator.ActiveCfg = Release|Any CPU
		{9828E258-3207-4B12-886A-581B2E3DE173}.AppStore|iPhoneSimulator.Build.0 = Release|Any CPU
		{9828E258-3207-4B12-886A-581B2E3DE173}.AppStore|x64.ActiveCfg = Release|Any CPU
		{9828E258-3207-4B12-886A-581B2E3DE173}.AppStore|x64.Build.0 = Release|Any CPU
		{9828E258-3207-4B12-886A-581B2E3DE173}.AppStore|x86.ActiveCfg = Release|Any CPU
		{9828E258-3207-4B12-886A-581B2E3DE173}.AppStore|x86.Build.0 = Release|Any CPU
		{9828E258-3207-4B12-886A-581B2E3DE173}.Debug|Any CPU.ActiveCfg = Debug|Any CPU
		{9828E258-3207-4B12-886A-581B2E3DE173}.Debug|Any CPU.Build.0 = Debug|Any CPU
		{9828E258-3207-4B12-886A-581B2E3DE173}.Debug|ARM.ActiveCfg = Debug|Any CPU
		{9828E258-3207-4B12-886A-581B2E3DE173}.Debug|ARM.Build.0 = Debug|Any CPU
		{9828E258-3207-4B12-886A-581B2E3DE173}.Debug|iPhone.ActiveCfg = Debug|Any CPU
		{9828E258-3207-4B12-886A-581B2E3DE173}.Debug|iPhone.Build.0 = Debug|Any CPU
		{9828E258-3207-4B12-886A-581B2E3DE173}.Debug|iPhoneSimulator.ActiveCfg = Debug|Any CPU
		{9828E258-3207-4B12-886A-581B2E3DE173}.Debug|iPhoneSimulator.Build.0 = Debug|Any CPU
		{9828E258-3207-4B12-886A-581B2E3DE173}.Debug|x64.ActiveCfg = Debug|Any CPU
		{9828E258-3207-4B12-886A-581B2E3DE173}.Debug|x64.Build.0 = Debug|Any CPU
		{9828E258-3207-4B12-886A-581B2E3DE173}.Debug|x86.ActiveCfg = Debug|Any CPU
		{9828E258-3207-4B12-886A-581B2E3DE173}.Debug|x86.Build.0 = Debug|Any CPU
		{9828E258-3207-4B12-886A-581B2E3DE173}.Release|Any CPU.ActiveCfg = Release|Any CPU
		{9828E258-3207-4B12-886A-581B2E3DE173}.Release|Any CPU.Build.0 = Release|Any CPU
		{9828E258-3207-4B12-886A-581B2E3DE173}.Release|ARM.ActiveCfg = Release|Any CPU
		{9828E258-3207-4B12-886A-581B2E3DE173}.Release|ARM.Build.0 = Release|Any CPU
		{9828E258-3207-4B12-886A-581B2E3DE173}.Release|iPhone.ActiveCfg = Release|Any CPU
		{9828E258-3207-4B12-886A-581B2E3DE173}.Release|iPhone.Build.0 = Release|Any CPU
		{9828E258-3207-4B12-886A-581B2E3DE173}.Release|iPhoneSimulator.ActiveCfg = Release|Any CPU
		{9828E258-3207-4B12-886A-581B2E3DE173}.Release|iPhoneSimulator.Build.0 = Release|Any CPU
		{9828E258-3207-4B12-886A-581B2E3DE173}.Release|x64.ActiveCfg = Release|Any CPU
		{9828E258-3207-4B12-886A-581B2E3DE173}.Release|x64.Build.0 = Release|Any CPU
		{9828E258-3207-4B12-886A-581B2E3DE173}.Release|x86.ActiveCfg = Release|Any CPU
		{9828E258-3207-4B12-886A-581B2E3DE173}.Release|x86.Build.0 = Release|Any CPU
		{6DA730B4-DCD8-4074-9668-FEA380FB4AF0}.Ad-Hoc|Any CPU.ActiveCfg = Release|Any CPU
		{6DA730B4-DCD8-4074-9668-FEA380FB4AF0}.Ad-Hoc|Any CPU.Build.0 = Release|Any CPU
		{6DA730B4-DCD8-4074-9668-FEA380FB4AF0}.Ad-Hoc|ARM.ActiveCfg = Release|Any CPU
		{6DA730B4-DCD8-4074-9668-FEA380FB4AF0}.Ad-Hoc|ARM.Build.0 = Release|Any CPU
		{6DA730B4-DCD8-4074-9668-FEA380FB4AF0}.Ad-Hoc|iPhone.ActiveCfg = Release|Any CPU
		{6DA730B4-DCD8-4074-9668-FEA380FB4AF0}.Ad-Hoc|iPhone.Build.0 = Release|Any CPU
		{6DA730B4-DCD8-4074-9668-FEA380FB4AF0}.Ad-Hoc|iPhoneSimulator.ActiveCfg = Release|Any CPU
		{6DA730B4-DCD8-4074-9668-FEA380FB4AF0}.Ad-Hoc|iPhoneSimulator.Build.0 = Release|Any CPU
		{6DA730B4-DCD8-4074-9668-FEA380FB4AF0}.Ad-Hoc|x64.ActiveCfg = Release|Any CPU
		{6DA730B4-DCD8-4074-9668-FEA380FB4AF0}.Ad-Hoc|x64.Build.0 = Release|Any CPU
		{6DA730B4-DCD8-4074-9668-FEA380FB4AF0}.Ad-Hoc|x86.ActiveCfg = Release|Any CPU
		{6DA730B4-DCD8-4074-9668-FEA380FB4AF0}.Ad-Hoc|x86.Build.0 = Release|Any CPU
		{6DA730B4-DCD8-4074-9668-FEA380FB4AF0}.AppStore|Any CPU.ActiveCfg = Release|Any CPU
		{6DA730B4-DCD8-4074-9668-FEA380FB4AF0}.AppStore|Any CPU.Build.0 = Release|Any CPU
		{6DA730B4-DCD8-4074-9668-FEA380FB4AF0}.AppStore|ARM.ActiveCfg = Release|Any CPU
		{6DA730B4-DCD8-4074-9668-FEA380FB4AF0}.AppStore|ARM.Build.0 = Release|Any CPU
		{6DA730B4-DCD8-4074-9668-FEA380FB4AF0}.AppStore|iPhone.ActiveCfg = Release|Any CPU
		{6DA730B4-DCD8-4074-9668-FEA380FB4AF0}.AppStore|iPhone.Build.0 = Release|Any CPU
		{6DA730B4-DCD8-4074-9668-FEA380FB4AF0}.AppStore|iPhoneSimulator.ActiveCfg = Release|Any CPU
		{6DA730B4-DCD8-4074-9668-FEA380FB4AF0}.AppStore|iPhoneSimulator.Build.0 = Release|Any CPU
		{6DA730B4-DCD8-4074-9668-FEA380FB4AF0}.AppStore|x64.ActiveCfg = Release|Any CPU
		{6DA730B4-DCD8-4074-9668-FEA380FB4AF0}.AppStore|x64.Build.0 = Release|Any CPU
		{6DA730B4-DCD8-4074-9668-FEA380FB4AF0}.AppStore|x86.ActiveCfg = Release|Any CPU
		{6DA730B4-DCD8-4074-9668-FEA380FB4AF0}.AppStore|x86.Build.0 = Release|Any CPU
		{6DA730B4-DCD8-4074-9668-FEA380FB4AF0}.Debug|Any CPU.ActiveCfg = Debug|Any CPU
		{6DA730B4-DCD8-4074-9668-FEA380FB4AF0}.Debug|Any CPU.Build.0 = Debug|Any CPU
		{6DA730B4-DCD8-4074-9668-FEA380FB4AF0}.Debug|ARM.ActiveCfg = Debug|Any CPU
		{6DA730B4-DCD8-4074-9668-FEA380FB4AF0}.Debug|ARM.Build.0 = Debug|Any CPU
		{6DA730B4-DCD8-4074-9668-FEA380FB4AF0}.Debug|iPhone.ActiveCfg = Debug|Any CPU
		{6DA730B4-DCD8-4074-9668-FEA380FB4AF0}.Debug|iPhone.Build.0 = Debug|Any CPU
		{6DA730B4-DCD8-4074-9668-FEA380FB4AF0}.Debug|iPhoneSimulator.ActiveCfg = Debug|Any CPU
		{6DA730B4-DCD8-4074-9668-FEA380FB4AF0}.Debug|iPhoneSimulator.Build.0 = Debug|Any CPU
		{6DA730B4-DCD8-4074-9668-FEA380FB4AF0}.Debug|x64.ActiveCfg = Debug|Any CPU
		{6DA730B4-DCD8-4074-9668-FEA380FB4AF0}.Debug|x64.Build.0 = Debug|Any CPU
		{6DA730B4-DCD8-4074-9668-FEA380FB4AF0}.Debug|x86.ActiveCfg = Debug|Any CPU
		{6DA730B4-DCD8-4074-9668-FEA380FB4AF0}.Debug|x86.Build.0 = Debug|Any CPU
		{6DA730B4-DCD8-4074-9668-FEA380FB4AF0}.Release|Any CPU.ActiveCfg = Release|Any CPU
		{6DA730B4-DCD8-4074-9668-FEA380FB4AF0}.Release|Any CPU.Build.0 = Release|Any CPU
		{6DA730B4-DCD8-4074-9668-FEA380FB4AF0}.Release|ARM.ActiveCfg = Release|Any CPU
		{6DA730B4-DCD8-4074-9668-FEA380FB4AF0}.Release|ARM.Build.0 = Release|Any CPU
		{6DA730B4-DCD8-4074-9668-FEA380FB4AF0}.Release|iPhone.ActiveCfg = Release|Any CPU
		{6DA730B4-DCD8-4074-9668-FEA380FB4AF0}.Release|iPhone.Build.0 = Release|Any CPU
		{6DA730B4-DCD8-4074-9668-FEA380FB4AF0}.Release|iPhoneSimulator.ActiveCfg = Release|Any CPU
		{6DA730B4-DCD8-4074-9668-FEA380FB4AF0}.Release|iPhoneSimulator.Build.0 = Release|Any CPU
		{6DA730B4-DCD8-4074-9668-FEA380FB4AF0}.Release|x64.ActiveCfg = Release|Any CPU
		{6DA730B4-DCD8-4074-9668-FEA380FB4AF0}.Release|x64.Build.0 = Release|Any CPU
		{6DA730B4-DCD8-4074-9668-FEA380FB4AF0}.Release|x86.ActiveCfg = Release|Any CPU
		{6DA730B4-DCD8-4074-9668-FEA380FB4AF0}.Release|x86.Build.0 = Release|Any CPU
		{894F2C86-D6CA-4323-98D1-77C216904803}.Ad-Hoc|Any CPU.ActiveCfg = Release|Any CPU
		{894F2C86-D6CA-4323-98D1-77C216904803}.Ad-Hoc|Any CPU.Build.0 = Release|Any CPU
		{894F2C86-D6CA-4323-98D1-77C216904803}.Ad-Hoc|ARM.ActiveCfg = Release|Any CPU
		{894F2C86-D6CA-4323-98D1-77C216904803}.Ad-Hoc|ARM.Build.0 = Release|Any CPU
		{894F2C86-D6CA-4323-98D1-77C216904803}.Ad-Hoc|iPhone.ActiveCfg = Release|Any CPU
		{894F2C86-D6CA-4323-98D1-77C216904803}.Ad-Hoc|iPhone.Build.0 = Release|Any CPU
		{894F2C86-D6CA-4323-98D1-77C216904803}.Ad-Hoc|iPhoneSimulator.ActiveCfg = Release|Any CPU
		{894F2C86-D6CA-4323-98D1-77C216904803}.Ad-Hoc|iPhoneSimulator.Build.0 = Release|Any CPU
		{894F2C86-D6CA-4323-98D1-77C216904803}.Ad-Hoc|x64.ActiveCfg = Release|Any CPU
		{894F2C86-D6CA-4323-98D1-77C216904803}.Ad-Hoc|x64.Build.0 = Release|Any CPU
		{894F2C86-D6CA-4323-98D1-77C216904803}.Ad-Hoc|x86.ActiveCfg = Release|Any CPU
		{894F2C86-D6CA-4323-98D1-77C216904803}.Ad-Hoc|x86.Build.0 = Release|Any CPU
		{894F2C86-D6CA-4323-98D1-77C216904803}.AppStore|Any CPU.ActiveCfg = Release|Any CPU
		{894F2C86-D6CA-4323-98D1-77C216904803}.AppStore|Any CPU.Build.0 = Release|Any CPU
		{894F2C86-D6CA-4323-98D1-77C216904803}.AppStore|ARM.ActiveCfg = Release|Any CPU
		{894F2C86-D6CA-4323-98D1-77C216904803}.AppStore|ARM.Build.0 = Release|Any CPU
		{894F2C86-D6CA-4323-98D1-77C216904803}.AppStore|iPhone.ActiveCfg = Release|Any CPU
		{894F2C86-D6CA-4323-98D1-77C216904803}.AppStore|iPhone.Build.0 = Release|Any CPU
		{894F2C86-D6CA-4323-98D1-77C216904803}.AppStore|iPhoneSimulator.ActiveCfg = Release|Any CPU
		{894F2C86-D6CA-4323-98D1-77C216904803}.AppStore|iPhoneSimulator.Build.0 = Release|Any CPU
		{894F2C86-D6CA-4323-98D1-77C216904803}.AppStore|x64.ActiveCfg = Release|Any CPU
		{894F2C86-D6CA-4323-98D1-77C216904803}.AppStore|x64.Build.0 = Release|Any CPU
		{894F2C86-D6CA-4323-98D1-77C216904803}.AppStore|x86.ActiveCfg = Release|Any CPU
		{894F2C86-D6CA-4323-98D1-77C216904803}.AppStore|x86.Build.0 = Release|Any CPU
		{894F2C86-D6CA-4323-98D1-77C216904803}.Debug|Any CPU.ActiveCfg = Debug|Any CPU
		{894F2C86-D6CA-4323-98D1-77C216904803}.Debug|Any CPU.Build.0 = Debug|Any CPU
		{894F2C86-D6CA-4323-98D1-77C216904803}.Debug|ARM.ActiveCfg = Debug|Any CPU
		{894F2C86-D6CA-4323-98D1-77C216904803}.Debug|ARM.Build.0 = Debug|Any CPU
		{894F2C86-D6CA-4323-98D1-77C216904803}.Debug|iPhone.ActiveCfg = Debug|Any CPU
		{894F2C86-D6CA-4323-98D1-77C216904803}.Debug|iPhone.Build.0 = Debug|Any CPU
		{894F2C86-D6CA-4323-98D1-77C216904803}.Debug|iPhoneSimulator.ActiveCfg = Debug|Any CPU
		{894F2C86-D6CA-4323-98D1-77C216904803}.Debug|iPhoneSimulator.Build.0 = Debug|Any CPU
		{894F2C86-D6CA-4323-98D1-77C216904803}.Debug|x64.ActiveCfg = Debug|Any CPU
		{894F2C86-D6CA-4323-98D1-77C216904803}.Debug|x64.Build.0 = Debug|Any CPU
		{894F2C86-D6CA-4323-98D1-77C216904803}.Debug|x86.ActiveCfg = Debug|Any CPU
		{894F2C86-D6CA-4323-98D1-77C216904803}.Debug|x86.Build.0 = Debug|Any CPU
		{894F2C86-D6CA-4323-98D1-77C216904803}.Release|Any CPU.ActiveCfg = Release|Any CPU
		{894F2C86-D6CA-4323-98D1-77C216904803}.Release|Any CPU.Build.0 = Release|Any CPU
		{894F2C86-D6CA-4323-98D1-77C216904803}.Release|ARM.ActiveCfg = Release|Any CPU
		{894F2C86-D6CA-4323-98D1-77C216904803}.Release|ARM.Build.0 = Release|Any CPU
		{894F2C86-D6CA-4323-98D1-77C216904803}.Release|iPhone.ActiveCfg = Release|Any CPU
		{894F2C86-D6CA-4323-98D1-77C216904803}.Release|iPhone.Build.0 = Release|Any CPU
		{894F2C86-D6CA-4323-98D1-77C216904803}.Release|iPhoneSimulator.ActiveCfg = Release|Any CPU
		{894F2C86-D6CA-4323-98D1-77C216904803}.Release|iPhoneSimulator.Build.0 = Release|Any CPU
		{894F2C86-D6CA-4323-98D1-77C216904803}.Release|x64.ActiveCfg = Release|Any CPU
		{894F2C86-D6CA-4323-98D1-77C216904803}.Release|x64.Build.0 = Release|Any CPU
		{894F2C86-D6CA-4323-98D1-77C216904803}.Release|x86.ActiveCfg = Release|Any CPU
		{894F2C86-D6CA-4323-98D1-77C216904803}.Release|x86.Build.0 = Release|Any CPU
		{C1A3B16B-4C96-40F3-91AD-20EFA8D83646}.Ad-Hoc|Any CPU.ActiveCfg = Release|Any CPU
		{C1A3B16B-4C96-40F3-91AD-20EFA8D83646}.Ad-Hoc|Any CPU.Build.0 = Release|Any CPU
		{C1A3B16B-4C96-40F3-91AD-20EFA8D83646}.Ad-Hoc|ARM.ActiveCfg = Release|Any CPU
		{C1A3B16B-4C96-40F3-91AD-20EFA8D83646}.Ad-Hoc|ARM.Build.0 = Release|Any CPU
		{C1A3B16B-4C96-40F3-91AD-20EFA8D83646}.Ad-Hoc|iPhone.ActiveCfg = Release|Any CPU
		{C1A3B16B-4C96-40F3-91AD-20EFA8D83646}.Ad-Hoc|iPhone.Build.0 = Release|Any CPU
		{C1A3B16B-4C96-40F3-91AD-20EFA8D83646}.Ad-Hoc|iPhoneSimulator.ActiveCfg = Release|Any CPU
		{C1A3B16B-4C96-40F3-91AD-20EFA8D83646}.Ad-Hoc|iPhoneSimulator.Build.0 = Release|Any CPU
		{C1A3B16B-4C96-40F3-91AD-20EFA8D83646}.Ad-Hoc|x64.ActiveCfg = Release|Any CPU
		{C1A3B16B-4C96-40F3-91AD-20EFA8D83646}.Ad-Hoc|x64.Build.0 = Release|Any CPU
		{C1A3B16B-4C96-40F3-91AD-20EFA8D83646}.Ad-Hoc|x86.ActiveCfg = Release|Any CPU
		{C1A3B16B-4C96-40F3-91AD-20EFA8D83646}.Ad-Hoc|x86.Build.0 = Release|Any CPU
		{C1A3B16B-4C96-40F3-91AD-20EFA8D83646}.AppStore|Any CPU.ActiveCfg = Release|Any CPU
		{C1A3B16B-4C96-40F3-91AD-20EFA8D83646}.AppStore|Any CPU.Build.0 = Release|Any CPU
		{C1A3B16B-4C96-40F3-91AD-20EFA8D83646}.AppStore|ARM.ActiveCfg = Release|Any CPU
		{C1A3B16B-4C96-40F3-91AD-20EFA8D83646}.AppStore|ARM.Build.0 = Release|Any CPU
		{C1A3B16B-4C96-40F3-91AD-20EFA8D83646}.AppStore|iPhone.ActiveCfg = Release|Any CPU
		{C1A3B16B-4C96-40F3-91AD-20EFA8D83646}.AppStore|iPhone.Build.0 = Release|Any CPU
		{C1A3B16B-4C96-40F3-91AD-20EFA8D83646}.AppStore|iPhoneSimulator.ActiveCfg = Release|Any CPU
		{C1A3B16B-4C96-40F3-91AD-20EFA8D83646}.AppStore|iPhoneSimulator.Build.0 = Release|Any CPU
		{C1A3B16B-4C96-40F3-91AD-20EFA8D83646}.AppStore|x64.ActiveCfg = Release|Any CPU
		{C1A3B16B-4C96-40F3-91AD-20EFA8D83646}.AppStore|x64.Build.0 = Release|Any CPU
		{C1A3B16B-4C96-40F3-91AD-20EFA8D83646}.AppStore|x86.ActiveCfg = Release|Any CPU
		{C1A3B16B-4C96-40F3-91AD-20EFA8D83646}.AppStore|x86.Build.0 = Release|Any CPU
		{C1A3B16B-4C96-40F3-91AD-20EFA8D83646}.Debug|Any CPU.ActiveCfg = Debug|Any CPU
		{C1A3B16B-4C96-40F3-91AD-20EFA8D83646}.Debug|Any CPU.Build.0 = Debug|Any CPU
		{C1A3B16B-4C96-40F3-91AD-20EFA8D83646}.Debug|ARM.ActiveCfg = Debug|Any CPU
		{C1A3B16B-4C96-40F3-91AD-20EFA8D83646}.Debug|ARM.Build.0 = Debug|Any CPU
		{C1A3B16B-4C96-40F3-91AD-20EFA8D83646}.Debug|iPhone.ActiveCfg = Debug|Any CPU
		{C1A3B16B-4C96-40F3-91AD-20EFA8D83646}.Debug|iPhone.Build.0 = Debug|Any CPU
		{C1A3B16B-4C96-40F3-91AD-20EFA8D83646}.Debug|iPhoneSimulator.ActiveCfg = Debug|Any CPU
		{C1A3B16B-4C96-40F3-91AD-20EFA8D83646}.Debug|iPhoneSimulator.Build.0 = Debug|Any CPU
		{C1A3B16B-4C96-40F3-91AD-20EFA8D83646}.Debug|x64.ActiveCfg = Debug|Any CPU
		{C1A3B16B-4C96-40F3-91AD-20EFA8D83646}.Debug|x64.Build.0 = Debug|Any CPU
		{C1A3B16B-4C96-40F3-91AD-20EFA8D83646}.Debug|x86.ActiveCfg = Debug|Any CPU
		{C1A3B16B-4C96-40F3-91AD-20EFA8D83646}.Debug|x86.Build.0 = Debug|Any CPU
		{C1A3B16B-4C96-40F3-91AD-20EFA8D83646}.Release|Any CPU.ActiveCfg = Release|Any CPU
		{C1A3B16B-4C96-40F3-91AD-20EFA8D83646}.Release|Any CPU.Build.0 = Release|Any CPU
		{C1A3B16B-4C96-40F3-91AD-20EFA8D83646}.Release|ARM.ActiveCfg = Release|Any CPU
		{C1A3B16B-4C96-40F3-91AD-20EFA8D83646}.Release|ARM.Build.0 = Release|Any CPU
		{C1A3B16B-4C96-40F3-91AD-20EFA8D83646}.Release|iPhone.ActiveCfg = Release|Any CPU
		{C1A3B16B-4C96-40F3-91AD-20EFA8D83646}.Release|iPhone.Build.0 = Release|Any CPU
		{C1A3B16B-4C96-40F3-91AD-20EFA8D83646}.Release|iPhoneSimulator.ActiveCfg = Release|Any CPU
		{C1A3B16B-4C96-40F3-91AD-20EFA8D83646}.Release|iPhoneSimulator.Build.0 = Release|Any CPU
		{C1A3B16B-4C96-40F3-91AD-20EFA8D83646}.Release|x64.ActiveCfg = Release|Any CPU
		{C1A3B16B-4C96-40F3-91AD-20EFA8D83646}.Release|x64.Build.0 = Release|Any CPU
		{C1A3B16B-4C96-40F3-91AD-20EFA8D83646}.Release|x86.ActiveCfg = Release|Any CPU
		{C1A3B16B-4C96-40F3-91AD-20EFA8D83646}.Release|x86.Build.0 = Release|Any CPU
		{9911304F-AD0C-4354-AC5E-0277380BAE91}.Ad-Hoc|Any CPU.ActiveCfg = Release|Any CPU
		{9911304F-AD0C-4354-AC5E-0277380BAE91}.Ad-Hoc|Any CPU.Build.0 = Release|Any CPU
		{9911304F-AD0C-4354-AC5E-0277380BAE91}.Ad-Hoc|ARM.ActiveCfg = Release|Any CPU
		{9911304F-AD0C-4354-AC5E-0277380BAE91}.Ad-Hoc|ARM.Build.0 = Release|Any CPU
		{9911304F-AD0C-4354-AC5E-0277380BAE91}.Ad-Hoc|iPhone.ActiveCfg = Release|Any CPU
		{9911304F-AD0C-4354-AC5E-0277380BAE91}.Ad-Hoc|iPhone.Build.0 = Release|Any CPU
		{9911304F-AD0C-4354-AC5E-0277380BAE91}.Ad-Hoc|iPhoneSimulator.ActiveCfg = Release|Any CPU
		{9911304F-AD0C-4354-AC5E-0277380BAE91}.Ad-Hoc|iPhoneSimulator.Build.0 = Release|Any CPU
		{9911304F-AD0C-4354-AC5E-0277380BAE91}.Ad-Hoc|x64.ActiveCfg = Release|Any CPU
		{9911304F-AD0C-4354-AC5E-0277380BAE91}.Ad-Hoc|x64.Build.0 = Release|Any CPU
		{9911304F-AD0C-4354-AC5E-0277380BAE91}.Ad-Hoc|x86.ActiveCfg = Release|Any CPU
		{9911304F-AD0C-4354-AC5E-0277380BAE91}.Ad-Hoc|x86.Build.0 = Release|Any CPU
		{9911304F-AD0C-4354-AC5E-0277380BAE91}.AppStore|Any CPU.ActiveCfg = Release|Any CPU
		{9911304F-AD0C-4354-AC5E-0277380BAE91}.AppStore|Any CPU.Build.0 = Release|Any CPU
		{9911304F-AD0C-4354-AC5E-0277380BAE91}.AppStore|ARM.ActiveCfg = Release|Any CPU
		{9911304F-AD0C-4354-AC5E-0277380BAE91}.AppStore|ARM.Build.0 = Release|Any CPU
		{9911304F-AD0C-4354-AC5E-0277380BAE91}.AppStore|iPhone.ActiveCfg = Release|Any CPU
		{9911304F-AD0C-4354-AC5E-0277380BAE91}.AppStore|iPhone.Build.0 = Release|Any CPU
		{9911304F-AD0C-4354-AC5E-0277380BAE91}.AppStore|iPhoneSimulator.ActiveCfg = Release|Any CPU
		{9911304F-AD0C-4354-AC5E-0277380BAE91}.AppStore|iPhoneSimulator.Build.0 = Release|Any CPU
		{9911304F-AD0C-4354-AC5E-0277380BAE91}.AppStore|x64.ActiveCfg = Release|Any CPU
		{9911304F-AD0C-4354-AC5E-0277380BAE91}.AppStore|x64.Build.0 = Release|Any CPU
		{9911304F-AD0C-4354-AC5E-0277380BAE91}.AppStore|x86.ActiveCfg = Release|Any CPU
		{9911304F-AD0C-4354-AC5E-0277380BAE91}.AppStore|x86.Build.0 = Release|Any CPU
		{9911304F-AD0C-4354-AC5E-0277380BAE91}.Debug|Any CPU.ActiveCfg = Debug|Any CPU
		{9911304F-AD0C-4354-AC5E-0277380BAE91}.Debug|Any CPU.Build.0 = Debug|Any CPU
		{9911304F-AD0C-4354-AC5E-0277380BAE91}.Debug|ARM.ActiveCfg = Debug|Any CPU
		{9911304F-AD0C-4354-AC5E-0277380BAE91}.Debug|ARM.Build.0 = Debug|Any CPU
		{9911304F-AD0C-4354-AC5E-0277380BAE91}.Debug|iPhone.ActiveCfg = Debug|Any CPU
		{9911304F-AD0C-4354-AC5E-0277380BAE91}.Debug|iPhone.Build.0 = Debug|Any CPU
		{9911304F-AD0C-4354-AC5E-0277380BAE91}.Debug|iPhoneSimulator.ActiveCfg = Debug|Any CPU
		{9911304F-AD0C-4354-AC5E-0277380BAE91}.Debug|iPhoneSimulator.Build.0 = Debug|Any CPU
		{9911304F-AD0C-4354-AC5E-0277380BAE91}.Debug|x64.ActiveCfg = Debug|Any CPU
		{9911304F-AD0C-4354-AC5E-0277380BAE91}.Debug|x64.Build.0 = Debug|Any CPU
		{9911304F-AD0C-4354-AC5E-0277380BAE91}.Debug|x86.ActiveCfg = Debug|Any CPU
		{9911304F-AD0C-4354-AC5E-0277380BAE91}.Debug|x86.Build.0 = Debug|Any CPU
		{9911304F-AD0C-4354-AC5E-0277380BAE91}.Release|Any CPU.ActiveCfg = Release|Any CPU
		{9911304F-AD0C-4354-AC5E-0277380BAE91}.Release|Any CPU.Build.0 = Release|Any CPU
		{9911304F-AD0C-4354-AC5E-0277380BAE91}.Release|ARM.ActiveCfg = Release|Any CPU
		{9911304F-AD0C-4354-AC5E-0277380BAE91}.Release|ARM.Build.0 = Release|Any CPU
		{9911304F-AD0C-4354-AC5E-0277380BAE91}.Release|iPhone.ActiveCfg = Release|Any CPU
		{9911304F-AD0C-4354-AC5E-0277380BAE91}.Release|iPhone.Build.0 = Release|Any CPU
		{9911304F-AD0C-4354-AC5E-0277380BAE91}.Release|iPhoneSimulator.ActiveCfg = Release|Any CPU
		{9911304F-AD0C-4354-AC5E-0277380BAE91}.Release|iPhoneSimulator.Build.0 = Release|Any CPU
		{9911304F-AD0C-4354-AC5E-0277380BAE91}.Release|x64.ActiveCfg = Release|Any CPU
		{9911304F-AD0C-4354-AC5E-0277380BAE91}.Release|x64.Build.0 = Release|Any CPU
		{9911304F-AD0C-4354-AC5E-0277380BAE91}.Release|x86.ActiveCfg = Release|Any CPU
		{9911304F-AD0C-4354-AC5E-0277380BAE91}.Release|x86.Build.0 = Release|Any CPU
		{FB3B91C8-07DC-485F-89F5-BE1DD3A9ABCF}.Ad-Hoc|Any CPU.ActiveCfg = Release|Any CPU
		{FB3B91C8-07DC-485F-89F5-BE1DD3A9ABCF}.Ad-Hoc|Any CPU.Build.0 = Release|Any CPU
		{FB3B91C8-07DC-485F-89F5-BE1DD3A9ABCF}.Ad-Hoc|Any CPU.Deploy.0 = Release|Any CPU
		{FB3B91C8-07DC-485F-89F5-BE1DD3A9ABCF}.Ad-Hoc|ARM.ActiveCfg = Release|Any CPU
		{FB3B91C8-07DC-485F-89F5-BE1DD3A9ABCF}.Ad-Hoc|ARM.Build.0 = Release|Any CPU
		{FB3B91C8-07DC-485F-89F5-BE1DD3A9ABCF}.Ad-Hoc|ARM.Deploy.0 = Release|Any CPU
		{FB3B91C8-07DC-485F-89F5-BE1DD3A9ABCF}.Ad-Hoc|iPhone.ActiveCfg = Release|Any CPU
		{FB3B91C8-07DC-485F-89F5-BE1DD3A9ABCF}.Ad-Hoc|iPhone.Build.0 = Release|Any CPU
		{FB3B91C8-07DC-485F-89F5-BE1DD3A9ABCF}.Ad-Hoc|iPhone.Deploy.0 = Release|Any CPU
		{FB3B91C8-07DC-485F-89F5-BE1DD3A9ABCF}.Ad-Hoc|iPhoneSimulator.ActiveCfg = Release|Any CPU
		{FB3B91C8-07DC-485F-89F5-BE1DD3A9ABCF}.Ad-Hoc|iPhoneSimulator.Build.0 = Release|Any CPU
		{FB3B91C8-07DC-485F-89F5-BE1DD3A9ABCF}.Ad-Hoc|iPhoneSimulator.Deploy.0 = Release|Any CPU
		{FB3B91C8-07DC-485F-89F5-BE1DD3A9ABCF}.Ad-Hoc|x64.ActiveCfg = Release|Any CPU
		{FB3B91C8-07DC-485F-89F5-BE1DD3A9ABCF}.Ad-Hoc|x64.Build.0 = Release|Any CPU
		{FB3B91C8-07DC-485F-89F5-BE1DD3A9ABCF}.Ad-Hoc|x64.Deploy.0 = Release|Any CPU
		{FB3B91C8-07DC-485F-89F5-BE1DD3A9ABCF}.Ad-Hoc|x86.ActiveCfg = Release|Any CPU
		{FB3B91C8-07DC-485F-89F5-BE1DD3A9ABCF}.Ad-Hoc|x86.Build.0 = Release|Any CPU
		{FB3B91C8-07DC-485F-89F5-BE1DD3A9ABCF}.Ad-Hoc|x86.Deploy.0 = Release|Any CPU
		{FB3B91C8-07DC-485F-89F5-BE1DD3A9ABCF}.AppStore|Any CPU.ActiveCfg = Release|Any CPU
		{FB3B91C8-07DC-485F-89F5-BE1DD3A9ABCF}.AppStore|Any CPU.Build.0 = Release|Any CPU
		{FB3B91C8-07DC-485F-89F5-BE1DD3A9ABCF}.AppStore|Any CPU.Deploy.0 = Release|Any CPU
		{FB3B91C8-07DC-485F-89F5-BE1DD3A9ABCF}.AppStore|ARM.ActiveCfg = Release|Any CPU
		{FB3B91C8-07DC-485F-89F5-BE1DD3A9ABCF}.AppStore|ARM.Build.0 = Release|Any CPU
		{FB3B91C8-07DC-485F-89F5-BE1DD3A9ABCF}.AppStore|ARM.Deploy.0 = Release|Any CPU
		{FB3B91C8-07DC-485F-89F5-BE1DD3A9ABCF}.AppStore|iPhone.ActiveCfg = Release|Any CPU
		{FB3B91C8-07DC-485F-89F5-BE1DD3A9ABCF}.AppStore|iPhone.Build.0 = Release|Any CPU
		{FB3B91C8-07DC-485F-89F5-BE1DD3A9ABCF}.AppStore|iPhone.Deploy.0 = Release|Any CPU
		{FB3B91C8-07DC-485F-89F5-BE1DD3A9ABCF}.AppStore|iPhoneSimulator.ActiveCfg = Release|Any CPU
		{FB3B91C8-07DC-485F-89F5-BE1DD3A9ABCF}.AppStore|iPhoneSimulator.Build.0 = Release|Any CPU
		{FB3B91C8-07DC-485F-89F5-BE1DD3A9ABCF}.AppStore|iPhoneSimulator.Deploy.0 = Release|Any CPU
		{FB3B91C8-07DC-485F-89F5-BE1DD3A9ABCF}.AppStore|x64.ActiveCfg = Release|Any CPU
		{FB3B91C8-07DC-485F-89F5-BE1DD3A9ABCF}.AppStore|x64.Build.0 = Release|Any CPU
		{FB3B91C8-07DC-485F-89F5-BE1DD3A9ABCF}.AppStore|x64.Deploy.0 = Release|Any CPU
		{FB3B91C8-07DC-485F-89F5-BE1DD3A9ABCF}.AppStore|x86.ActiveCfg = Release|Any CPU
		{FB3B91C8-07DC-485F-89F5-BE1DD3A9ABCF}.AppStore|x86.Build.0 = Release|Any CPU
		{FB3B91C8-07DC-485F-89F5-BE1DD3A9ABCF}.AppStore|x86.Deploy.0 = Release|Any CPU
		{FB3B91C8-07DC-485F-89F5-BE1DD3A9ABCF}.Debug|Any CPU.ActiveCfg = Debug|Any CPU
		{FB3B91C8-07DC-485F-89F5-BE1DD3A9ABCF}.Debug|Any CPU.Build.0 = Debug|Any CPU
		{FB3B91C8-07DC-485F-89F5-BE1DD3A9ABCF}.Debug|Any CPU.Deploy.0 = Debug|Any CPU
		{FB3B91C8-07DC-485F-89F5-BE1DD3A9ABCF}.Debug|ARM.ActiveCfg = Debug|Any CPU
		{FB3B91C8-07DC-485F-89F5-BE1DD3A9ABCF}.Debug|ARM.Build.0 = Debug|Any CPU
		{FB3B91C8-07DC-485F-89F5-BE1DD3A9ABCF}.Debug|ARM.Deploy.0 = Debug|Any CPU
		{FB3B91C8-07DC-485F-89F5-BE1DD3A9ABCF}.Debug|iPhone.ActiveCfg = Debug|Any CPU
		{FB3B91C8-07DC-485F-89F5-BE1DD3A9ABCF}.Debug|iPhone.Build.0 = Debug|Any CPU
		{FB3B91C8-07DC-485F-89F5-BE1DD3A9ABCF}.Debug|iPhone.Deploy.0 = Debug|Any CPU
		{FB3B91C8-07DC-485F-89F5-BE1DD3A9ABCF}.Debug|iPhoneSimulator.ActiveCfg = Debug|Any CPU
		{FB3B91C8-07DC-485F-89F5-BE1DD3A9ABCF}.Debug|iPhoneSimulator.Build.0 = Debug|Any CPU
		{FB3B91C8-07DC-485F-89F5-BE1DD3A9ABCF}.Debug|iPhoneSimulator.Deploy.0 = Debug|Any CPU
		{FB3B91C8-07DC-485F-89F5-BE1DD3A9ABCF}.Debug|x64.ActiveCfg = Debug|Any CPU
		{FB3B91C8-07DC-485F-89F5-BE1DD3A9ABCF}.Debug|x64.Build.0 = Debug|Any CPU
		{FB3B91C8-07DC-485F-89F5-BE1DD3A9ABCF}.Debug|x64.Deploy.0 = Debug|Any CPU
		{FB3B91C8-07DC-485F-89F5-BE1DD3A9ABCF}.Debug|x86.ActiveCfg = Debug|Any CPU
		{FB3B91C8-07DC-485F-89F5-BE1DD3A9ABCF}.Debug|x86.Build.0 = Debug|Any CPU
		{FB3B91C8-07DC-485F-89F5-BE1DD3A9ABCF}.Debug|x86.Deploy.0 = Debug|Any CPU
		{FB3B91C8-07DC-485F-89F5-BE1DD3A9ABCF}.Release|Any CPU.ActiveCfg = Release|Any CPU
		{FB3B91C8-07DC-485F-89F5-BE1DD3A9ABCF}.Release|Any CPU.Build.0 = Release|Any CPU
		{FB3B91C8-07DC-485F-89F5-BE1DD3A9ABCF}.Release|Any CPU.Deploy.0 = Release|Any CPU
		{FB3B91C8-07DC-485F-89F5-BE1DD3A9ABCF}.Release|ARM.ActiveCfg = Release|Any CPU
		{FB3B91C8-07DC-485F-89F5-BE1DD3A9ABCF}.Release|ARM.Build.0 = Release|Any CPU
		{FB3B91C8-07DC-485F-89F5-BE1DD3A9ABCF}.Release|ARM.Deploy.0 = Release|Any CPU
		{FB3B91C8-07DC-485F-89F5-BE1DD3A9ABCF}.Release|iPhone.ActiveCfg = Release|Any CPU
		{FB3B91C8-07DC-485F-89F5-BE1DD3A9ABCF}.Release|iPhone.Build.0 = Release|Any CPU
		{FB3B91C8-07DC-485F-89F5-BE1DD3A9ABCF}.Release|iPhone.Deploy.0 = Release|Any CPU
		{FB3B91C8-07DC-485F-89F5-BE1DD3A9ABCF}.Release|iPhoneSimulator.ActiveCfg = Release|Any CPU
		{FB3B91C8-07DC-485F-89F5-BE1DD3A9ABCF}.Release|iPhoneSimulator.Build.0 = Release|Any CPU
		{FB3B91C8-07DC-485F-89F5-BE1DD3A9ABCF}.Release|iPhoneSimulator.Deploy.0 = Release|Any CPU
		{FB3B91C8-07DC-485F-89F5-BE1DD3A9ABCF}.Release|x64.ActiveCfg = Release|Any CPU
		{FB3B91C8-07DC-485F-89F5-BE1DD3A9ABCF}.Release|x64.Build.0 = Release|Any CPU
		{FB3B91C8-07DC-485F-89F5-BE1DD3A9ABCF}.Release|x64.Deploy.0 = Release|Any CPU
		{FB3B91C8-07DC-485F-89F5-BE1DD3A9ABCF}.Release|x86.ActiveCfg = Release|Any CPU
		{FB3B91C8-07DC-485F-89F5-BE1DD3A9ABCF}.Release|x86.Build.0 = Release|Any CPU
		{FB3B91C8-07DC-485F-89F5-BE1DD3A9ABCF}.Release|x86.Deploy.0 = Release|Any CPU
		{C77126E8-9D31-4E71-AD90-A617C69637A0}.Ad-Hoc|Any CPU.ActiveCfg = Ad-Hoc|iPhone
		{C77126E8-9D31-4E71-AD90-A617C69637A0}.Ad-Hoc|ARM.ActiveCfg = Ad-Hoc|iPhone
		{C77126E8-9D31-4E71-AD90-A617C69637A0}.Ad-Hoc|iPhone.ActiveCfg = Ad-Hoc|iPhone
		{C77126E8-9D31-4E71-AD90-A617C69637A0}.Ad-Hoc|iPhone.Build.0 = Ad-Hoc|iPhone
		{C77126E8-9D31-4E71-AD90-A617C69637A0}.Ad-Hoc|iPhoneSimulator.ActiveCfg = Ad-Hoc|iPhoneSimulator
		{C77126E8-9D31-4E71-AD90-A617C69637A0}.Ad-Hoc|iPhoneSimulator.Build.0 = Ad-Hoc|iPhoneSimulator
		{C77126E8-9D31-4E71-AD90-A617C69637A0}.Ad-Hoc|x64.ActiveCfg = Ad-Hoc|iPhone
		{C77126E8-9D31-4E71-AD90-A617C69637A0}.Ad-Hoc|x86.ActiveCfg = Ad-Hoc|iPhone
		{C77126E8-9D31-4E71-AD90-A617C69637A0}.AppStore|Any CPU.ActiveCfg = AppStore|iPhone
		{C77126E8-9D31-4E71-AD90-A617C69637A0}.AppStore|ARM.ActiveCfg = AppStore|iPhone
		{C77126E8-9D31-4E71-AD90-A617C69637A0}.AppStore|iPhone.ActiveCfg = AppStore|iPhone
		{C77126E8-9D31-4E71-AD90-A617C69637A0}.AppStore|iPhone.Build.0 = AppStore|iPhone
		{C77126E8-9D31-4E71-AD90-A617C69637A0}.AppStore|iPhoneSimulator.ActiveCfg = AppStore|iPhoneSimulator
		{C77126E8-9D31-4E71-AD90-A617C69637A0}.AppStore|iPhoneSimulator.Build.0 = AppStore|iPhoneSimulator
		{C77126E8-9D31-4E71-AD90-A617C69637A0}.AppStore|x64.ActiveCfg = AppStore|iPhone
		{C77126E8-9D31-4E71-AD90-A617C69637A0}.AppStore|x86.ActiveCfg = AppStore|iPhone
		{C77126E8-9D31-4E71-AD90-A617C69637A0}.Debug|Any CPU.ActiveCfg = Debug|iPhone
		{C77126E8-9D31-4E71-AD90-A617C69637A0}.Debug|ARM.ActiveCfg = Debug|iPhone
		{C77126E8-9D31-4E71-AD90-A617C69637A0}.Debug|iPhone.ActiveCfg = Debug|iPhone
		{C77126E8-9D31-4E71-AD90-A617C69637A0}.Debug|iPhone.Build.0 = Debug|iPhone
		{C77126E8-9D31-4E71-AD90-A617C69637A0}.Debug|iPhoneSimulator.ActiveCfg = Debug|iPhoneSimulator
		{C77126E8-9D31-4E71-AD90-A617C69637A0}.Debug|iPhoneSimulator.Build.0 = Debug|iPhoneSimulator
		{C77126E8-9D31-4E71-AD90-A617C69637A0}.Debug|x64.ActiveCfg = Debug|iPhone
		{C77126E8-9D31-4E71-AD90-A617C69637A0}.Debug|x86.ActiveCfg = Debug|iPhone
		{C77126E8-9D31-4E71-AD90-A617C69637A0}.Release|Any CPU.ActiveCfg = Release|iPhone
		{C77126E8-9D31-4E71-AD90-A617C69637A0}.Release|ARM.ActiveCfg = Release|iPhone
		{C77126E8-9D31-4E71-AD90-A617C69637A0}.Release|iPhone.ActiveCfg = Release|iPhone
		{C77126E8-9D31-4E71-AD90-A617C69637A0}.Release|iPhone.Build.0 = Release|iPhone
		{C77126E8-9D31-4E71-AD90-A617C69637A0}.Release|iPhoneSimulator.ActiveCfg = Release|iPhoneSimulator
		{C77126E8-9D31-4E71-AD90-A617C69637A0}.Release|iPhoneSimulator.Build.0 = Release|iPhoneSimulator
		{C77126E8-9D31-4E71-AD90-A617C69637A0}.Release|x64.ActiveCfg = Release|iPhone
		{C77126E8-9D31-4E71-AD90-A617C69637A0}.Release|x86.ActiveCfg = Release|iPhone
		{F0064D38-B469-42DB-9487-F69B4DEA8F8A}.Ad-Hoc|Any CPU.ActiveCfg = Release|x86
		{F0064D38-B469-42DB-9487-F69B4DEA8F8A}.Ad-Hoc|Any CPU.Build.0 = Release|x86
		{F0064D38-B469-42DB-9487-F69B4DEA8F8A}.Ad-Hoc|Any CPU.Deploy.0 = Release|x86
		{F0064D38-B469-42DB-9487-F69B4DEA8F8A}.Ad-Hoc|ARM.ActiveCfg = Release|ARM
		{F0064D38-B469-42DB-9487-F69B4DEA8F8A}.Ad-Hoc|ARM.Build.0 = Release|ARM
		{F0064D38-B469-42DB-9487-F69B4DEA8F8A}.Ad-Hoc|ARM.Deploy.0 = Release|ARM
		{F0064D38-B469-42DB-9487-F69B4DEA8F8A}.Ad-Hoc|iPhone.ActiveCfg = Release|x86
		{F0064D38-B469-42DB-9487-F69B4DEA8F8A}.Ad-Hoc|iPhone.Build.0 = Release|x86
		{F0064D38-B469-42DB-9487-F69B4DEA8F8A}.Ad-Hoc|iPhone.Deploy.0 = Release|x86
		{F0064D38-B469-42DB-9487-F69B4DEA8F8A}.Ad-Hoc|iPhoneSimulator.ActiveCfg = Release|x86
		{F0064D38-B469-42DB-9487-F69B4DEA8F8A}.Ad-Hoc|iPhoneSimulator.Build.0 = Release|x86
		{F0064D38-B469-42DB-9487-F69B4DEA8F8A}.Ad-Hoc|iPhoneSimulator.Deploy.0 = Release|x86
		{F0064D38-B469-42DB-9487-F69B4DEA8F8A}.Ad-Hoc|x64.ActiveCfg = Release|x64
		{F0064D38-B469-42DB-9487-F69B4DEA8F8A}.Ad-Hoc|x64.Build.0 = Release|x64
		{F0064D38-B469-42DB-9487-F69B4DEA8F8A}.Ad-Hoc|x64.Deploy.0 = Release|x64
		{F0064D38-B469-42DB-9487-F69B4DEA8F8A}.Ad-Hoc|x86.ActiveCfg = Release|x86
		{F0064D38-B469-42DB-9487-F69B4DEA8F8A}.Ad-Hoc|x86.Build.0 = Release|x86
		{F0064D38-B469-42DB-9487-F69B4DEA8F8A}.Ad-Hoc|x86.Deploy.0 = Release|x86
		{F0064D38-B469-42DB-9487-F69B4DEA8F8A}.AppStore|Any CPU.ActiveCfg = Release|x86
		{F0064D38-B469-42DB-9487-F69B4DEA8F8A}.AppStore|Any CPU.Build.0 = Release|x86
		{F0064D38-B469-42DB-9487-F69B4DEA8F8A}.AppStore|Any CPU.Deploy.0 = Release|x86
		{F0064D38-B469-42DB-9487-F69B4DEA8F8A}.AppStore|ARM.ActiveCfg = Release|ARM
		{F0064D38-B469-42DB-9487-F69B4DEA8F8A}.AppStore|ARM.Build.0 = Release|ARM
		{F0064D38-B469-42DB-9487-F69B4DEA8F8A}.AppStore|ARM.Deploy.0 = Release|ARM
		{F0064D38-B469-42DB-9487-F69B4DEA8F8A}.AppStore|iPhone.ActiveCfg = Release|x86
		{F0064D38-B469-42DB-9487-F69B4DEA8F8A}.AppStore|iPhone.Build.0 = Release|x86
		{F0064D38-B469-42DB-9487-F69B4DEA8F8A}.AppStore|iPhone.Deploy.0 = Release|x86
		{F0064D38-B469-42DB-9487-F69B4DEA8F8A}.AppStore|iPhoneSimulator.ActiveCfg = Release|x86
		{F0064D38-B469-42DB-9487-F69B4DEA8F8A}.AppStore|iPhoneSimulator.Build.0 = Release|x86
		{F0064D38-B469-42DB-9487-F69B4DEA8F8A}.AppStore|iPhoneSimulator.Deploy.0 = Release|x86
		{F0064D38-B469-42DB-9487-F69B4DEA8F8A}.AppStore|x64.ActiveCfg = Release|x64
		{F0064D38-B469-42DB-9487-F69B4DEA8F8A}.AppStore|x64.Build.0 = Release|x64
		{F0064D38-B469-42DB-9487-F69B4DEA8F8A}.AppStore|x64.Deploy.0 = Release|x64
		{F0064D38-B469-42DB-9487-F69B4DEA8F8A}.AppStore|x86.ActiveCfg = Release|x86
		{F0064D38-B469-42DB-9487-F69B4DEA8F8A}.AppStore|x86.Build.0 = Release|x86
		{F0064D38-B469-42DB-9487-F69B4DEA8F8A}.AppStore|x86.Deploy.0 = Release|x86
		{F0064D38-B469-42DB-9487-F69B4DEA8F8A}.Debug|Any CPU.ActiveCfg = Debug|x86
		{F0064D38-B469-42DB-9487-F69B4DEA8F8A}.Debug|ARM.ActiveCfg = Debug|ARM
		{F0064D38-B469-42DB-9487-F69B4DEA8F8A}.Debug|ARM.Build.0 = Debug|ARM
		{F0064D38-B469-42DB-9487-F69B4DEA8F8A}.Debug|ARM.Deploy.0 = Debug|ARM
		{F0064D38-B469-42DB-9487-F69B4DEA8F8A}.Debug|iPhone.ActiveCfg = Debug|x86
		{F0064D38-B469-42DB-9487-F69B4DEA8F8A}.Debug|iPhoneSimulator.ActiveCfg = Debug|x86
		{F0064D38-B469-42DB-9487-F69B4DEA8F8A}.Debug|x64.ActiveCfg = Debug|x64
		{F0064D38-B469-42DB-9487-F69B4DEA8F8A}.Debug|x64.Build.0 = Debug|x64
		{F0064D38-B469-42DB-9487-F69B4DEA8F8A}.Debug|x64.Deploy.0 = Debug|x64
		{F0064D38-B469-42DB-9487-F69B4DEA8F8A}.Debug|x86.ActiveCfg = Debug|x86
		{F0064D38-B469-42DB-9487-F69B4DEA8F8A}.Debug|x86.Build.0 = Debug|x86
		{F0064D38-B469-42DB-9487-F69B4DEA8F8A}.Debug|x86.Deploy.0 = Debug|x86
		{F0064D38-B469-42DB-9487-F69B4DEA8F8A}.Release|Any CPU.ActiveCfg = Release|x86
		{F0064D38-B469-42DB-9487-F69B4DEA8F8A}.Release|ARM.ActiveCfg = Release|ARM
		{F0064D38-B469-42DB-9487-F69B4DEA8F8A}.Release|ARM.Build.0 = Release|ARM
		{F0064D38-B469-42DB-9487-F69B4DEA8F8A}.Release|ARM.Deploy.0 = Release|ARM
		{F0064D38-B469-42DB-9487-F69B4DEA8F8A}.Release|iPhone.ActiveCfg = Release|x86
		{F0064D38-B469-42DB-9487-F69B4DEA8F8A}.Release|iPhoneSimulator.ActiveCfg = Release|x86
		{F0064D38-B469-42DB-9487-F69B4DEA8F8A}.Release|x64.ActiveCfg = Release|x64
		{F0064D38-B469-42DB-9487-F69B4DEA8F8A}.Release|x64.Build.0 = Release|x64
		{F0064D38-B469-42DB-9487-F69B4DEA8F8A}.Release|x64.Deploy.0 = Release|x64
		{F0064D38-B469-42DB-9487-F69B4DEA8F8A}.Release|x86.ActiveCfg = Release|x86
		{F0064D38-B469-42DB-9487-F69B4DEA8F8A}.Release|x86.Build.0 = Release|x86
		{F0064D38-B469-42DB-9487-F69B4DEA8F8A}.Release|x86.Deploy.0 = Release|x86
	EndGlobalSection
	GlobalSection(SolutionProperties) = preSolution
		HideSolutionNode = FALSE
	EndGlobalSection
	GlobalSection(NestedProjects) = preSolution
		{FBF07C30-E7CC-4FF5-B6F5-B914E1ECB3DA} = {0952BF9C-2312-4149-9820-A548AF2697A3}
		{3A32CA69-93CF-4501-B34F-D7FC79E7150A} = {0952BF9C-2312-4149-9820-A548AF2697A3}
		{9828E258-3207-4B12-886A-581B2E3DE173} = {0952BF9C-2312-4149-9820-A548AF2697A3}
		{6DA730B4-DCD8-4074-9668-FEA380FB4AF0} = {0952BF9C-2312-4149-9820-A548AF2697A3}
		{894F2C86-D6CA-4323-98D1-77C216904803} = {0952BF9C-2312-4149-9820-A548AF2697A3}
		{C1A3B16B-4C96-40F3-91AD-20EFA8D83646} = {70AFDC4D-29B9-4D01-8BDF-1E5BAFC96119}
		{9911304F-AD0C-4354-AC5E-0277380BAE91} = {91C2A3D5-CFB2-47C2-95D0-4E0834C4A33C}
		{FB3B91C8-07DC-485F-89F5-BE1DD3A9ABCF} = {91C2A3D5-CFB2-47C2-95D0-4E0834C4A33C}
		{C77126E8-9D31-4E71-AD90-A617C69637A0} = {91C2A3D5-CFB2-47C2-95D0-4E0834C4A33C}
		{F0064D38-B469-42DB-9487-F69B4DEA8F8A} = {91C2A3D5-CFB2-47C2-95D0-4E0834C4A33C}
	EndGlobalSection
	GlobalSection(ExtensibilityGlobals) = postSolution
		EnterpriseLibraryConfigurationToolBinariesPathV6 = packages\EnterpriseLibrary.Common.6.0.1304.0\lib\NET45;packages\EnterpriseLibrary.Data.6.0.1304.0\lib\NET45
		SolutionGuid = {E2F89E15-6056-4171-8F61-66A7FD36894F}
	EndGlobalSection
EndGlobal
